<?xml version="1.0" encoding="utf-8"?>
<Project ToolsVersion="17.0" xmlns="http://schemas.microsoft.com/developer/msbuild/2003">
  <ItemGroup>
    <ClCompile Include="C:\VisualStudio\BowValley\ComputerGraphics\OpenGL\OpenGL_Libs\ASSIMP\contrib\zlib\adler32.c">
      <Filter>Source Files</Filter>
    </ClCompile>
    <ClCompile Include="C:\VisualStudio\BowValley\ComputerGraphics\OpenGL\OpenGL_Libs\ASSIMP\contrib\zlib\compress.c">
      <Filter>Source Files</Filter>
    </ClCompile>
    <ClCompile Include="C:\VisualStudio\BowValley\ComputerGraphics\OpenGL\OpenGL_Libs\ASSIMP\contrib\zlib\crc32.c">
      <Filter>Source Files</Filter>
    </ClCompile>
    <ClCompile Include="C:\VisualStudio\BowValley\ComputerGraphics\OpenGL\OpenGL_Libs\ASSIMP\contrib\zlib\deflate.c">
      <Filter>Source Files</Filter>
    </ClCompile>
    <ClCompile Include="C:\VisualStudio\BowValley\ComputerGraphics\OpenGL\OpenGL_Libs\ASSIMP\contrib\zlib\gzclose.c">
      <Filter>Source Files</Filter>
    </ClCompile>
    <ClCompile Include="C:\VisualStudio\BowValley\ComputerGraphics\OpenGL\OpenGL_Libs\ASSIMP\contrib\zlib\gzlib.c">
      <Filter>Source Files</Filter>
    </ClCompile>
    <ClCompile Include="C:\VisualStudio\BowValley\ComputerGraphics\OpenGL\OpenGL_Libs\ASSIMP\contrib\zlib\gzread.c">
      <Filter>Source Files</Filter>
    </ClCompile>
    <ClCompile Include="C:\VisualStudio\BowValley\ComputerGraphics\OpenGL\OpenGL_Libs\ASSIMP\contrib\zlib\gzwrite.c">
      <Filter>Source Files</Filter>
    </ClCompile>
    <ClCompile Include="C:\VisualStudio\BowValley\ComputerGraphics\OpenGL\OpenGL_Libs\ASSIMP\contrib\zlib\inflate.c">
      <Filter>Source Files</Filter>
    </ClCompile>
    <ClCompile Include="C:\VisualStudio\BowValley\ComputerGraphics\OpenGL\OpenGL_Libs\ASSIMP\contrib\zlib\infback.c">
      <Filter>Source Files</Filter>
    </ClCompile>
    <ClCompile Include="C:\VisualStudio\BowValley\ComputerGraphics\OpenGL\OpenGL_Libs\ASSIMP\contrib\zlib\inftrees.c">
      <Filter>Source Files</Filter>
    </ClCompile>
    <ClCompile Include="C:\VisualStudio\BowValley\ComputerGraphics\OpenGL\OpenGL_Libs\ASSIMP\contrib\zlib\inffast.c">
      <Filter>Source Files</Filter>
    </ClCompile>
    <ClCompile Include="C:\VisualStudio\BowValley\ComputerGraphics\OpenGL\OpenGL_Libs\ASSIMP\contrib\zlib\trees.c">
      <Filter>Source Files</Filter>
    </ClCompile>
    <ClCompile Include="C:\VisualStudio\BowValley\ComputerGraphics\OpenGL\OpenGL_Libs\ASSIMP\contrib\zlib\uncompr.c">
      <Filter>Source Files</Filter>
    </ClCompile>
    <ClCompile Include="C:\VisualStudio\BowValley\ComputerGraphics\OpenGL\OpenGL_Libs\ASSIMP\contrib\zlib\zutil.c">
      <Filter>Source Files</Filter>
    </ClCompile>
  </ItemGroup>
  <ItemGroup>
    <ClInclude Include="C:\VisualStudio\BowValley\ComputerGraphics\OpenGL\OpenGL_Libs\Temp\contrib\zlib\zconf.h">
      <Filter>Header Files</Filter>
    </ClInclude>
    <ClInclude Include="C:\VisualStudio\BowValley\ComputerGraphics\OpenGL\OpenGL_Libs\ASSIMP\contrib\zlib\zlib.h">
      <Filter>Header Files</Filter>
    </ClInclude>
    <ClInclude Include="C:\VisualStudio\BowValley\ComputerGraphics\OpenGL\OpenGL_Libs\ASSIMP\contrib\zlib\crc32.h">
      <Filter>Header Files</Filter>
    </ClInclude>
    <ClInclude Include="C:\VisualStudio\BowValley\ComputerGraphics\OpenGL\OpenGL_Libs\ASSIMP\contrib\zlib\deflate.h">
      <Filter>Header Files</Filter>
    </ClInclude>
    <ClInclude Include="C:\VisualStudio\BowValley\ComputerGraphics\OpenGL\OpenGL_Libs\ASSIMP\contrib\zlib\gzguts.h">
      <Filter>Header Files</Filter>
    </ClInclude>
    <ClInclude Include="C:\VisualStudio\BowValley\ComputerGraphics\OpenGL\OpenGL_Libs\ASSIMP\contrib\zlib\inffast.h">
      <Filter>Header Files</Filter>
    </ClInclude>
    <ClInclude Include="C:\VisualStudio\BowValley\ComputerGraphics\OpenGL\OpenGL_Libs\ASSIMP\contrib\zlib\inffixed.h">
      <Filter>Header Files</Filter>
    </ClInclude>
    <ClInclude Include="C:\VisualStudio\BowValley\ComputerGraphics\OpenGL\OpenGL_Libs\ASSIMP\contrib\zlib\inflate.h">
      <Filter>Header Files</Filter>
    </ClInclude>
    <ClInclude Include="C:\VisualStudio\BowValley\ComputerGraphics\OpenGL\OpenGL_Libs\ASSIMP\contrib\zlib\inftrees.h">
      <Filter>Header Files</Filter>
    </ClInclude>
    <ClInclude Include="C:\VisualStudio\BowValley\ComputerGraphics\OpenGL\OpenGL_Libs\ASSIMP\contrib\zlib\trees.h">
      <Filter>Header Files</Filter>
    </ClInclude>
    <ClInclude Include="C:\VisualStudio\BowValley\ComputerGraphics\OpenGL\OpenGL_Libs\ASSIMP\contrib\zlib\zutil.h">
      <Filter>Header Files</Filter>
    </ClInclude>
  </ItemGroup>
  <ItemGroup>
    <CustomBuild Include="C:\VisualStudio\BowValley\ComputerGraphics\OpenGL\OpenGL_Libs\ASSIMP\contrib\zlib\CMakeLists.txt" />
  </ItemGroup>
  <ItemGroup>
    <Filter Include="Header Files">
      <UniqueIdentifier>{486382DF-4FFC-3689-A117-6D9C885EBB0B}</UniqueIdentifier>
    </Filter>
    <Filter Include="Source Files">
      <UniqueIdentifier>{BB096CDC-89E1-34EE-898B-806C236803F2}</UniqueIdentifier>
    </Filter>
  </ItemGroup>
</Project>
