
Microsoft Visual Studio Solution File, Format Version 12.00
# Visual Studio Version 17
Project("{8BC9CEB8-8B4A-11D0-8D11-00A0C91BC942}") = "ALL_BUILD", "ALL_BUILD.vcxproj", "{944424D9-1663-3EF7-BF0D-3D297460B1D1}"
	ProjectSection(ProjectDependencies) = postProject
		{EF447F71-0BA1-3CA4-BB35-127147C56154} = {EF447F71-0BA1-3CA4-BB35-127147C56154}
		{28289B82-4C2D-3CCF-8265-4F4556A9E2B2} = {28289B82-4C2D-3CCF-8265-4F4556A9E2B2}
		{40B5CD7F-16B0-3D32-B143-117C4302EBB4} = {40B5CD7F-16B0-3D32-B143-117C4302EBB4}
		{CC948DB1-1EFF-305C-A208-C1F1230B6389} = {CC948DB1-1EFF-305C-A208-C1F1230B6389}
	EndProjectSection
EndProject
Project("{8BC9CEB8-8B4A-11D0-8D11-00A0C91BC942}") = "INSTALL", "INSTALL.vcxproj", "{AB1CD39D-AA29-395B-A704-9544B1149043}"
	ProjectSection(ProjectDependencies) = postProject
		{944424D9-1663-3EF7-BF0D-3D297460B1D1} = {944424D9-1663-3EF7-BF0D-3D297460B1D1}
		{EF447F71-0BA1-3CA4-BB35-127147C56154} = {EF447F71-0BA1-3CA4-BB35-127147C56154}
	EndProjectSection
EndProject
Project("{8BC9CEB8-8B4A-11D0-8D11-00A0C91BC942}") = "UpdateAssimpLibsDebugSymbolsAndDLLs", "UpdateAssimpLibsDebugSymbolsAndDLLs.vcxproj", "{54D0B691-89EE-374D-AE8B-B1FF72D7CBDA}"
	ProjectSection(ProjectDependencies) = postProject
		{EF447F71-0BA1-3CA4-BB35-127147C56154} = {EF447F71-0BA1-3CA4-BB35-127147C56154}
	EndProjectSection
EndProject
Project("{8BC9CEB8-8B4A-11D0-8D11-00A0C91BC942}") = "ZERO_CHECK", "ZERO_CHECK.vcxproj", "{EF447F71-0BA1-3CA4-BB35-127147C56154}"
	ProjectSection(ProjectDependencies) = postProject
	EndProjectSection
EndProject
Project("{8BC9CEB8-8B4A-11D0-8D11-00A0C91BC942}") = "assimp", "code\assimp.vcxproj", "{28289B82-4C2D-3CCF-8265-4F4556A9E2B2}"
	ProjectSection(ProjectDependencies) = postProject
		{EF447F71-0BA1-3CA4-BB35-127147C56154} = {EF447F71-0BA1-3CA4-BB35-127147C56154}
		{CC948DB1-1EFF-305C-A208-C1F1230B6389} = {CC948DB1-1EFF-305C-A208-C1F1230B6389}
	EndProjectSection
EndProject
Project("{8BC9CEB8-8B4A-11D0-8D11-00A0C91BC942}") = "uninstall", "uninstall.vcxproj", "{E745734F-5A19-3D70-9434-900C7125A799}"
	ProjectSection(ProjectDependencies) = postProject
		{EF447F71-0BA1-3CA4-BB35-127147C56154} = {EF447F71-0BA1-3CA4-BB35-127147C56154}
	EndProjectSection
EndProject
Project("{8BC9CEB8-8B4A-11D0-8D11-00A0C91BC942}") = "unit", "test\unit.vcxproj", "{40B5CD7F-16B0-3D32-B143-117C4302EBB4}"
	ProjectSection(ProjectDependencies) = postProject
		{EF447F71-0BA1-3CA4-BB35-127147C56154} = {EF447F71-0BA1-3CA4-BB35-127147C56154}
		{28289B82-4C2D-3CCF-8265-4F4556A9E2B2} = {28289B82-4C2D-3CCF-8265-4F4556A9E2B2}
		{CC948DB1-1EFF-305C-A208-C1F1230B6389} = {CC948DB1-1EFF-305C-A208-C1F1230B6389}
	EndProjectSection
EndProject
Project("{8BC9CEB8-8B4A-11D0-8D11-00A0C91BC942}") = "zlibstatic", "contrib\zlib\zlibstatic.vcxproj", "{CC948DB1-1EFF-305C-A208-C1F1230B6389}"
	ProjectSection(ProjectDependencies) = postProject
		{EF447F71-0BA1-3CA4-BB35-127147C56154} = {EF447F71-0BA1-3CA4-BB35-127147C56154}
	EndProjectSection
EndProject
Global
	GlobalSection(SolutionConfigurationPlatforms) = preSolution
		Debug|Win32 = Debug|Win32
		Release|Win32 = Release|Win32
		MinSizeRel|Win32 = MinSizeRel|Win32
		RelWithDebInfo|Win32 = RelWithDebInfo|Win32
	EndGlobalSection
	GlobalSection(ProjectConfigurationPlatforms) = postSolution
		{944424D9-1663-3EF7-BF0D-3D297460B1D1}.Debug|Win32.ActiveCfg = Debug|Win32
		{944424D9-1663-3EF7-BF0D-3D297460B1D1}.Debug|Win32.Build.0 = Debug|Win32
		{944424D9-1663-3EF7-BF0D-3D297460B1D1}.Release|Win32.ActiveCfg = Release|Win32
		{944424D9-1663-3EF7-BF0D-3D297460B1D1}.Release|Win32.Build.0 = Release|Win32
		{944424D9-1663-3EF7-BF0D-3D297460B1D1}.MinSizeRel|Win32.ActiveCfg = MinSizeRel|Win32
		{944424D9-1663-3EF7-BF0D-3D297460B1D1}.MinSizeRel|Win32.Build.0 = MinSizeRel|Win32
		{944424D9-1663-3EF7-BF0D-3D297460B1D1}.RelWithDebInfo|Win32.ActiveCfg = RelWithDebInfo|Win32
		{944424D9-1663-3EF7-BF0D-3D297460B1D1}.RelWithDebInfo|Win32.Build.0 = RelWithDebInfo|Win32
		{AB1CD39D-AA29-395B-A704-9544B1149043}.Debug|Win32.ActiveCfg = Debug|Win32
		{AB1CD39D-AA29-395B-A704-9544B1149043}.Release|Win32.ActiveCfg = Release|Win32
		{AB1CD39D-AA29-395B-A704-9544B1149043}.MinSizeRel|Win32.ActiveCfg = MinSizeRel|Win32
		{AB1CD39D-AA29-395B-A704-9544B1149043}.RelWithDebInfo|Win32.ActiveCfg = RelWithDebInfo|Win32
		{54D0B691-89EE-374D-AE8B-B1FF72D7CBDA}.Debug|Win32.ActiveCfg = Debug|Win32
		{54D0B691-89EE-374D-AE8B-B1FF72D7CBDA}.Release|Win32.ActiveCfg = Release|Win32
		{54D0B691-89EE-374D-AE8B-B1FF72D7CBDA}.MinSizeRel|Win32.ActiveCfg = MinSizeRel|Win32
		{54D0B691-89EE-374D-AE8B-B1FF72D7CBDA}.RelWithDebInfo|Win32.ActiveCfg = RelWithDebInfo|Win32
		{EF447F71-0BA1-3CA4-BB35-127147C56154}.Debug|Win32.ActiveCfg = Debug|Win32
		{EF447F71-0BA1-3CA4-BB35-127147C56154}.Debug|Win32.Build.0 = Debug|Win32
		{EF447F71-0BA1-3CA4-BB35-127147C56154}.Release|Win32.ActiveCfg = Release|Win32
		{EF447F71-0BA1-3CA4-BB35-127147C56154}.Release|Win32.Build.0 = Release|Win32
		{EF447F71-0BA1-3CA4-BB35-127147C56154}.MinSizeRel|Win32.ActiveCfg = MinSizeRel|Win32
		{EF447F71-0BA1-3CA4-BB35-127147C56154}.MinSizeRel|Win32.Build.0 = MinSizeRel|Win32
		{EF447F71-0BA1-3CA4-BB35-127147C56154}.RelWithDebInfo|Win32.ActiveCfg = RelWithDebInfo|Win32
		{EF447F71-0BA1-3CA4-BB35-127147C56154}.RelWithDebInfo|Win32.Build.0 = RelWithDebInfo|Win32
		{28289B82-4C2D-3CCF-8265-4F4556A9E2B2}.Debug|Win32.ActiveCfg = Debug|Win32
		{28289B82-4C2D-3CCF-8265-4F4556A9E2B2}.Debug|Win32.Build.0 = Debug|Win32
		{28289B82-4C2D-3CCF-8265-4F4556A9E2B2}.Release|Win32.ActiveCfg = Release|Win32
		{28289B82-4C2D-3CCF-8265-4F4556A9E2B2}.Release|Win32.Build.0 = Release|Win32
		{28289B82-4C2D-3CCF-8265-4F4556A9E2B2}.MinSizeRel|Win32.ActiveCfg = MinSizeRel|Win32
		{28289B82-4C2D-3CCF-8265-4F4556A9E2B2}.MinSizeRel|Win32.Build.0 = MinSizeRel|Win32
		{28289B82-4C2D-3CCF-8265-4F4556A9E2B2}.RelWithDebInfo|Win32.ActiveCfg = RelWithDebInfo|Win32
		{28289B82-4C2D-3CCF-8265-4F4556A9E2B2}.RelWithDebInfo|Win32.Build.0 = RelWithDebInfo|Win32
		{E745734F-5A19-3D70-9434-900C7125A799}.Debug|Win32.ActiveCfg = Debug|Win32
		{E745734F-5A19-3D70-9434-900C7125A799}.Release|Win32.ActiveCfg = Release|Win32
		{E745734F-5A19-3D70-9434-900C7125A799}.MinSizeRel|Win32.ActiveCfg = MinSizeRel|Win32
		{E745734F-5A19-3D70-9434-900C7125A799}.RelWithDebInfo|Win32.ActiveCfg = RelWithDebInfo|Win32
		{40B5CD7F-16B0-3D32-B143-117C4302EBB4}.Debug|Win32.ActiveCfg = Debug|Win32
		{40B5CD7F-16B0-3D32-B143-117C4302EBB4}.Debug|Win32.Build.0 = Debug|Win32
		{40B5CD7F-16B0-3D32-B143-117C4302EBB4}.Release|Win32.ActiveCfg = Release|Win32
		{40B5CD7F-16B0-3D32-B143-117C4302EBB4}.Release|Win32.Build.0 = Release|Win32
		{40B5CD7F-16B0-3D32-B143-117C4302EBB4}.MinSizeRel|Win32.ActiveCfg = MinSizeRel|Win32
		{40B5CD7F-16B0-3D32-B143-117C4302EBB4}.MinSizeRel|Win32.Build.0 = MinSizeRel|Win32
		{40B5CD7F-16B0-3D32-B143-117C4302EBB4}.RelWithDebInfo|Win32.ActiveCfg = RelWithDebInfo|Win32
		{40B5CD7F-16B0-3D32-B143-117C4302EBB4}.RelWithDebInfo|Win32.Build.0 = RelWithDebInfo|Win32
		{CC948DB1-1EFF-305C-A208-C1F1230B6389}.Debug|Win32.ActiveCfg = Debug|Win32
		{CC948DB1-1EFF-305C-A208-C1F1230B6389}.Debug|Win32.Build.0 = Debug|Win32
		{CC948DB1-1EFF-305C-A208-C1F1230B6389}.Release|Win32.ActiveCfg = Release|Win32
		{CC948DB1-1EFF-305C-A208-C1F1230B6389}.Release|Win32.Build.0 = Release|Win32
		{CC948DB1-1EFF-305C-A208-C1F1230B6389}.MinSizeRel|Win32.ActiveCfg = MinSizeRel|Win32
		{CC948DB1-1EFF-305C-A208-C1F1230B6389}.MinSizeRel|Win32.Build.0 = MinSizeRel|Win32
		{CC948DB1-1EFF-305C-A208-C1F1230B6389}.RelWithDebInfo|Win32.ActiveCfg = RelWithDebInfo|Win32
		{CC948DB1-1EFF-305C-A208-C1F1230B6389}.RelWithDebInfo|Win32.Build.0 = RelWithDebInfo|Win32
	EndGlobalSection
	GlobalSection(ExtensibilityGlobals) = postSolution
		SolutionGuid = {BC65AFD4-8E36-36CB-9C09-E2B6E8941619}
	EndGlobalSection
	GlobalSection(ExtensibilityAddIns) = postSolution
	EndGlobalSection
EndGlobal
