<?xml version="1.0" encoding="utf-8"?>
<Project ToolsVersion="17.0" xmlns="http://schemas.microsoft.com/developer/msbuild/2003">
  <ItemGroup>
    <CustomBuild Include="C:\VisualStudio\BowValley\ComputerGraphics\OpenGL\OpenGL_Libs\Temp\CMakeFiles\070d1db5f4e548461ce6b99de1e41bb4\INSTALL_force.rule">
      <Filter>CMake Rules</Filter>
    </CustomBuild>
  </ItemGroup>
  <ItemGroup>
    <Filter Include="CMake Rules">
      <UniqueIdentifier>{134D25B7-2702-35CF-9845-3BCC2502F48A}</UniqueIdentifier>
    </Filter>
  </ItemGroup>
</Project>
