
Microsoft Visual Studio Solution File, Format Version 12.00
# Visual Studio Version 17
VisualStudioVersion = 17.4.33205.214
MinimumVisualStudioVersion = 10.0.40219.1
Project("{8BC9CEB8-8B4A-11D0-8D11-00A0C91BC942}") = "CG_LandscapeProject", "CG_LandscapeProject\CG_LandscapeProject.vcxproj", "{DCDFF444-242D-4DDD-9A8B-F9638081F804}"
EndProject
Global
	GlobalSection(SolutionConfigurationPlatforms) = preSolution
		Debug|x64 = Debug|x64
		Debug|x86 = Debug|x86
		Release|x64 = Release|x64
		Release|x86 = Release|x86
	EndGlobalSection
	GlobalSection(ProjectConfigurationPlatforms) = postSolution
		{DCDFF444-242D-4DDD-9A8B-F9638081F804}.Debug|x64.ActiveCfg = Debug|x64
		{DCDFF444-242D-4DDD-9A8B-F9638081F804}.Debug|x64.Build.0 = Debug|x64
		{DCDFF444-242D-4DDD-9A8B-F9638081F804}.Debug|x86.ActiveCfg = Debug|Win32
		{DCDFF444-242D-4DDD-9A8B-F9638081F804}.Debug|x86.Build.0 = Debug|Win32
		{DCDFF444-242D-4DDD-9A8B-F9638081F804}.Release|x64.ActiveCfg = Release|x64
		{DCDFF444-242D-4DDD-9A8B-F9638081F804}.Release|x64.Build.0 = Release|x64
		{DCDFF444-242D-4DDD-9A8B-F9638081F804}.Release|x86.ActiveCfg = Release|Win32
		{DCDFF444-242D-4DDD-9A8B-F9638081F804}.Release|x86.Build.0 = Release|Win32
	EndGlobalSection
	GlobalSection(SolutionProperties) = preSolution
		HideSolutionNode = FALSE
	EndGlobalSection
	GlobalSection(ExtensibilityGlobals) = postSolution
		SolutionGuid = {6F8B8B7D-3A46-4322-9561-22E1321DE5B7}
	EndGlobalSection
EndGlobal
